
Microsoft Visual Studio Solution File, Format Version 12.00
# Visual Studio Version 17
VisualStudioVersion = 17.7.34302.85
MinimumVisualStudioVersion = 10.0.40219.1
Project("{FAE04EC0-301F-11D3-BF4B-00C04F79EFBC}") = "Backend", "Backend\Backend.csproj", "{50AC06E2-941B-4874-B8A2-2EF558057CBC}"
EndProject
Global
	GlobalSection(SolutionConfigurationPlatforms) = preSolution
		Debug|Any CPU = Debug|Any CPU
		Release|Any CPU = Release|Any CPU
	EndGlobalSection
	GlobalSection(ProjectConfigurationPlatforms) = postSolution
		{50AC06E2-941B-4874-B8A2-2EF558057CBC}.Debug|Any CPU.ActiveCfg = Debug|Any CPU
		{50AC06E2-941B-4874-B8A2-2EF558057CBC}.Debug|Any CPU.Build.0 = Debug|Any CPU
		{50AC06E2-941B-4874-B8A2-2EF558057CBC}.Release|Any CPU.ActiveCfg = Release|Any CPU
		{50AC06E2-941B-4874-B8A2-2EF558057CBC}.Release|Any CPU.Build.0 = Release|Any CPU
	EndGlobalSection
	GlobalSection(SolutionProperties) = preSolution
		HideSolutionNode = FALSE
	EndGlobalSection
	GlobalSection(ExtensibilityGlobals) = postSolution
		SolutionGuid = {4673CB49-AFB4-43A5-BCCB-11CDD03569E5}
	EndGlobalSection
EndGlobal
